
Microsoft Visual Studio Solution File, Format Version 12.00
# Visual Studio 15
VisualStudioVersion = 15.0.26430.16
MinimumVisualStudioVersion = 10.0.40219.1
Project("{FAE04EC0-301F-11D3-BF4B-00C04F79EFBC}") = "MsAGL", "MsAGL\MsAGL.csproj", "{7078DAD3-B1C8-4E99-9C83-DFF6647C7CC9}"
EndProject
Project("{2150E333-8FDC-42A3-9474-1A3956D46DE8}") = "Samples", "Samples", "{305F3DC7-58E6-4F33-A361-620D0B464305}"
EndProject
Project("{FAE04EC0-301F-11D3-BF4B-00C04F79EFBC}") = "SimpleApp", "..\SimpleApp\SimpleApp.csproj", "{F9AD8810-937E-4422-8B8C-F2AF086A4B33}"
EndProject
Project("{FAE04EC0-301F-11D3-BF4B-00C04F79EFBC}") = "Graph", "GraphControl\Graph.csproj", "{24B80892-9828-4139-8D85-34B9733329AB}"
EndProject
Project("{2150E333-8FDC-42A3-9474-1A3956D46DE8}") = "Solution Items", "Solution Items", "{3F792D42-07D9-4A12-97C7-20A3E91E1E68}"
	ProjectSection(SolutionItems) = preProject
		..\LICENSE = ..\LICENSE
		..\README.md = ..\README.md
	EndProjectSection
EndProject
Global
	GlobalSection(SolutionConfigurationPlatforms) = preSolution
		Debug|Any CPU = Debug|Any CPU
		Debug|ARM = Debug|ARM
		Debug|x64 = Debug|x64
		Debug|x86 = Debug|x86
		Release|Any CPU = Release|Any CPU
		Release|ARM = Release|ARM
		Release|x64 = Release|x64
		Release|x86 = Release|x86
	EndGlobalSection
	GlobalSection(ProjectConfigurationPlatforms) = postSolution
		{7078DAD3-B1C8-4E99-9C83-DFF6647C7CC9}.Debug|Any CPU.ActiveCfg = Debug|Any CPU
		{7078DAD3-B1C8-4E99-9C83-DFF6647C7CC9}.Debug|Any CPU.Build.0 = Debug|Any CPU
		{7078DAD3-B1C8-4E99-9C83-DFF6647C7CC9}.Debug|ARM.ActiveCfg = Debug|ARM
		{7078DAD3-B1C8-4E99-9C83-DFF6647C7CC9}.Debug|ARM.Build.0 = Debug|ARM
		{7078DAD3-B1C8-4E99-9C83-DFF6647C7CC9}.Debug|x64.ActiveCfg = Debug|x64
		{7078DAD3-B1C8-4E99-9C83-DFF6647C7CC9}.Debug|x64.Build.0 = Debug|x64
		{7078DAD3-B1C8-4E99-9C83-DFF6647C7CC9}.Debug|x86.ActiveCfg = Debug|x86
		{7078DAD3-B1C8-4E99-9C83-DFF6647C7CC9}.Debug|x86.Build.0 = Debug|x86
		{7078DAD3-B1C8-4E99-9C83-DFF6647C7CC9}.Release|Any CPU.ActiveCfg = Release|Any CPU
		{7078DAD3-B1C8-4E99-9C83-DFF6647C7CC9}.Release|Any CPU.Build.0 = Release|Any CPU
		{7078DAD3-B1C8-4E99-9C83-DFF6647C7CC9}.Release|ARM.ActiveCfg = Release|ARM
		{7078DAD3-B1C8-4E99-9C83-DFF6647C7CC9}.Release|ARM.Build.0 = Release|ARM
		{7078DAD3-B1C8-4E99-9C83-DFF6647C7CC9}.Release|x64.ActiveCfg = Release|x64
		{7078DAD3-B1C8-4E99-9C83-DFF6647C7CC9}.Release|x64.Build.0 = Release|x64
		{7078DAD3-B1C8-4E99-9C83-DFF6647C7CC9}.Release|x86.ActiveCfg = Release|x86
		{7078DAD3-B1C8-4E99-9C83-DFF6647C7CC9}.Release|x86.Build.0 = Release|x86
		{F9AD8810-937E-4422-8B8C-F2AF086A4B33}.Debug|Any CPU.ActiveCfg = Debug|x86
		{F9AD8810-937E-4422-8B8C-F2AF086A4B33}.Debug|Any CPU.Build.0 = Debug|x86
		{F9AD8810-937E-4422-8B8C-F2AF086A4B33}.Debug|Any CPU.Deploy.0 = Debug|x86
		{F9AD8810-937E-4422-8B8C-F2AF086A4B33}.Debug|ARM.ActiveCfg = Debug|ARM
		{F9AD8810-937E-4422-8B8C-F2AF086A4B33}.Debug|ARM.Build.0 = Debug|ARM
		{F9AD8810-937E-4422-8B8C-F2AF086A4B33}.Debug|ARM.Deploy.0 = Debug|ARM
		{F9AD8810-937E-4422-8B8C-F2AF086A4B33}.Debug|x64.ActiveCfg = Debug|x64
		{F9AD8810-937E-4422-8B8C-F2AF086A4B33}.Debug|x64.Build.0 = Debug|x64
		{F9AD8810-937E-4422-8B8C-F2AF086A4B33}.Debug|x64.Deploy.0 = Debug|x64
		{F9AD8810-937E-4422-8B8C-F2AF086A4B33}.Debug|x86.ActiveCfg = Debug|x86
		{F9AD8810-937E-4422-8B8C-F2AF086A4B33}.Debug|x86.Build.0 = Debug|x86
		{F9AD8810-937E-4422-8B8C-F2AF086A4B33}.Debug|x86.Deploy.0 = Debug|x86
		{F9AD8810-937E-4422-8B8C-F2AF086A4B33}.Release|Any CPU.ActiveCfg = Release|x86
		{F9AD8810-937E-4422-8B8C-F2AF086A4B33}.Release|ARM.ActiveCfg = Release|ARM
		{F9AD8810-937E-4422-8B8C-F2AF086A4B33}.Release|ARM.Build.0 = Release|ARM
		{F9AD8810-937E-4422-8B8C-F2AF086A4B33}.Release|ARM.Deploy.0 = Release|ARM
		{F9AD8810-937E-4422-8B8C-F2AF086A4B33}.Release|x64.ActiveCfg = Release|x64
		{F9AD8810-937E-4422-8B8C-F2AF086A4B33}.Release|x64.Build.0 = Release|x64
		{F9AD8810-937E-4422-8B8C-F2AF086A4B33}.Release|x64.Deploy.0 = Release|x64
		{F9AD8810-937E-4422-8B8C-F2AF086A4B33}.Release|x86.ActiveCfg = Release|x86
		{F9AD8810-937E-4422-8B8C-F2AF086A4B33}.Release|x86.Build.0 = Release|x86
		{F9AD8810-937E-4422-8B8C-F2AF086A4B33}.Release|x86.Deploy.0 = Release|x86
		{24B80892-9828-4139-8D85-34B9733329AB}.Debug|Any CPU.ActiveCfg = Debug|Any CPU
		{24B80892-9828-4139-8D85-34B9733329AB}.Debug|Any CPU.Build.0 = Debug|Any CPU
		{24B80892-9828-4139-8D85-34B9733329AB}.Debug|ARM.ActiveCfg = Debug|ARM
		{24B80892-9828-4139-8D85-34B9733329AB}.Debug|ARM.Build.0 = Debug|ARM
		{24B80892-9828-4139-8D85-34B9733329AB}.Debug|x64.ActiveCfg = Debug|x64
		{24B80892-9828-4139-8D85-34B9733329AB}.Debug|x64.Build.0 = Debug|x64
		{24B80892-9828-4139-8D85-34B9733329AB}.Debug|x86.ActiveCfg = Debug|x86
		{24B80892-9828-4139-8D85-34B9733329AB}.Debug|x86.Build.0 = Debug|x86
		{24B80892-9828-4139-8D85-34B9733329AB}.Release|Any CPU.ActiveCfg = Release|Any CPU
		{24B80892-9828-4139-8D85-34B9733329AB}.Release|Any CPU.Build.0 = Release|Any CPU
		{24B80892-9828-4139-8D85-34B9733329AB}.Release|ARM.ActiveCfg = Release|ARM
		{24B80892-9828-4139-8D85-34B9733329AB}.Release|ARM.Build.0 = Release|ARM
		{24B80892-9828-4139-8D85-34B9733329AB}.Release|x64.ActiveCfg = Release|x64
		{24B80892-9828-4139-8D85-34B9733329AB}.Release|x64.Build.0 = Release|x64
		{24B80892-9828-4139-8D85-34B9733329AB}.Release|x86.ActiveCfg = Release|x86
		{24B80892-9828-4139-8D85-34B9733329AB}.Release|x86.Build.0 = Release|x86
	EndGlobalSection
	GlobalSection(SolutionProperties) = preSolution
		HideSolutionNode = FALSE
	EndGlobalSection
	GlobalSection(NestedProjects) = preSolution
		{F9AD8810-937E-4422-8B8C-F2AF086A4B33} = {305F3DC7-58E6-4F33-A361-620D0B464305}
	EndGlobalSection
EndGlobal
